
Microsoft Visual Studio Solution File, Format Version 12.00
# Visual Studio Version 17
VisualStudioVersion = 17.13.35828.75 d17.13
MinimumVisualStudioVersion = 10.0.40219.1
Project("{FAE04EC0-301F-11D3-BF4B-00C04F79EFBC}") = "MabilkiMobilki", "MabilkiMobilki.csproj", "{ACCFE098-5E7B-4159-9D58-2F268E98F621}"
EndProject
Global
	GlobalSection(SolutionConfigurationPlatforms) = preSolution
		Debug|Any CPU = Debug|Any CPU
		Release|Any CPU = Release|Any CPU
	EndGlobalSection
	GlobalSection(ProjectConfigurationPlatforms) = postSolution
		{ACCFE098-5E7B-4159-9D58-2F268E98F621}.Debug|Any CPU.ActiveCfg = Debug|Any CPU
		{ACCFE098-5E7B-4159-9D58-2F268E98F621}.Debug|Any CPU.Build.0 = Debug|Any CPU
		{ACCFE098-5E7B-4159-9D58-2F268E98F621}.Debug|Any CPU.Deploy.0 = Debug|Any CPU
		{ACCFE098-5E7B-4159-9D58-2F268E98F621}.Release|Any CPU.ActiveCfg = Release|Any CPU
		{ACCFE098-5E7B-4159-9D58-2F268E98F621}.Release|Any CPU.Build.0 = Release|Any CPU
		{ACCFE098-5E7B-4159-9D58-2F268E98F621}.Release|Any CPU.Deploy.0 = Release|Any CPU
	EndGlobalSection
	GlobalSection(SolutionProperties) = preSolution
		HideSolutionNode = FALSE
	EndGlobalSection
	GlobalSection(ExtensibilityGlobals) = postSolution
		SolutionGuid = {B0631210-EC6F-478D-9165-5ACA36579214}
	EndGlobalSection
EndGlobal
